{
  "name": "TestWorkerAuto",
  "lockfileVersion": 3,
  "requires": true,
  "packages": {
    "": {
      "dependencies": {
        "siesa-agents": "file:../WorkflowAuto/Siesa-Agents"
      }
    },
    "../WorkflowAuto/Siesa-Agents": {
      "name": "siesa-agents",
      "version": "2.1.77",
      "hasInstallScript": true,
      "license": "MIT",
      "dependencies": {
        "better-sqlite3": "^9.6.0",
        "fs-extra": "^11.1.1",
        "path": "^0.12.7",
        "winston": "^3.19.0",
        "winston-daily-rotate-file": "^5.0.0",
        "yargs": "^17.7.2"
      },
      "bin": {
        "siesa-agents": "bin/install.js",
        "siesa-queue": "bin/queue.js"
      },
      "engines": {
        "node": ">=20.0.0"
      }
    },
    "node_modules/siesa-agents": {
      "resolved": "../WorkflowAuto/Siesa-Agents",
      "link": true
    }
  }
}
